<Solution>
  <Project Path="PCPartPicker.API/PCPartPicker.API.csproj" />
  <Project Path="PCPartPicker.Application/PCPartPicker.Application.csproj" />
  <Project Path="PCPartPicker.Domain/PCPartPicker.Domain.csproj" />
  <Project Path="PCPartPicker.Infrastructure/PCPartPicker.Infrastructure.csproj" />
</Solution>
